
Microsoft Visual Studio Solution File, Format Version 12.00
# Visual Studio Version 17
VisualStudioVersion = 17.0.32014.148
MinimumVisualStudioVersion = 10.0.40219.1
Project("{8BC9CEB8-8B4A-11D0-8D11-00A0C91BC942}") = "Radix-Converter", "Radix-Converter\Radix-Converter.vcxproj", "{CA716214-6AEA-47D5-BB62-7E6665F5F3F0}"
EndProject
Project("{2150E333-8FDC-42A3-9474-1A3956D46DE8}") = "Solution Items", "Solution Items", "{5336B56E-3FB6-46FD-A65C-EEA48D5C9A71}"
EndProject
Project("{8BC9CEB8-8B4A-11D0-8D11-00A0C91BC942}") = "tests", "tests\tests.vcxproj", "{1D9CAF00-D420-4034-BD0D-0BBFF134B3E0}"
EndProject
Global
	GlobalSection(SolutionConfigurationPlatforms) = preSolution
		Debug|x64 = Debug|x64
		Debug|x86 = Debug|x86
		Release|x64 = Release|x64
		Release|x86 = Release|x86
	EndGlobalSection
	GlobalSection(ProjectConfigurationPlatforms) = postSolution
		{CA716214-6AEA-47D5-BB62-7E6665F5F3F0}.Debug|x64.ActiveCfg = Debug|x64
		{CA716214-6AEA-47D5-BB62-7E6665F5F3F0}.Debug|x64.Build.0 = Debug|x64
		{CA716214-6AEA-47D5-BB62-7E6665F5F3F0}.Debug|x86.ActiveCfg = Debug|Win32
		{CA716214-6AEA-47D5-BB62-7E6665F5F3F0}.Debug|x86.Build.0 = Debug|Win32
		{CA716214-6AEA-47D5-BB62-7E6665F5F3F0}.Release|x64.ActiveCfg = Release|x64
		{CA716214-6AEA-47D5-BB62-7E6665F5F3F0}.Release|x64.Build.0 = Release|x64
		{CA716214-6AEA-47D5-BB62-7E6665F5F3F0}.Release|x86.ActiveCfg = Release|Win32
		{CA716214-6AEA-47D5-BB62-7E6665F5F3F0}.Release|x86.Build.0 = Release|Win32
		{1D9CAF00-D420-4034-BD0D-0BBFF134B3E0}.Debug|x64.ActiveCfg = Debug|x64
		{1D9CAF00-D420-4034-BD0D-0BBFF134B3E0}.Debug|x64.Build.0 = Debug|x64
		{1D9CAF00-D420-4034-BD0D-0BBFF134B3E0}.Debug|x86.ActiveCfg = Debug|Win32
		{1D9CAF00-D420-4034-BD0D-0BBFF134B3E0}.Debug|x86.Build.0 = Debug|Win32
		{1D9CAF00-D420-4034-BD0D-0BBFF134B3E0}.Release|x64.ActiveCfg = Release|x64
		{1D9CAF00-D420-4034-BD0D-0BBFF134B3E0}.Release|x64.Build.0 = Release|x64
		{1D9CAF00-D420-4034-BD0D-0BBFF134B3E0}.Release|x86.ActiveCfg = Release|Win32
		{1D9CAF00-D420-4034-BD0D-0BBFF134B3E0}.Release|x86.Build.0 = Release|Win32
	EndGlobalSection
	GlobalSection(SolutionProperties) = preSolution
		HideSolutionNode = FALSE
	EndGlobalSection
	GlobalSection(ExtensibilityGlobals) = postSolution
		SolutionGuid = {C285F5FE-AE24-42C4-8697-B432C260FDEE}
	EndGlobalSection
EndGlobal
